<?xml version="1.0" encoding="utf-8"?>
<Project ToolsVersion="4.0" xmlns="http://schemas.microsoft.com/developer/msbuild/2003">
  <ItemGroup>
    <Filter Include="Source Files">
      <UniqueIdentifier>{4FC737F1-C7A5-4376-A066-2A32D752A2FF}</UniqueIdentifier>
      <Extensions>cpp;c;cc;cxx;c++;cppm;ixx;def;odl;idl;hpj;bat;asm;asmx</Extensions>
    </Filter>
    <Filter Include="Header Files">
      <UniqueIdentifier>{93995380-89BD-4b04-88EB-625FBE52EBFB}</UniqueIdentifier>
      <Extensions>h;hh;hpp;hxx;h++;hm;inl;inc;ipp;xsd</Extensions>
    </Filter>
    <Filter Include="Resource Files">
      <UniqueIdentifier>{67DA6AB6-F800-4c08-8B7A-83BB121AAD01}</UniqueIdentifier>
      <Extensions>rc;ico;cur;bmp;dlg;rc2;rct;bin;rgs;gif;jpg;jpeg;jpe;resx;tiff;tif;png;wav;mfcribbon-ms</Extensions>
    </Filter>
    <Filter Include="Header Files\Parser">
      <UniqueIdentifier>{af98a977-0e26-4592-9abf-3de48327576e}</UniqueIdentifier>
    </Filter>
    <Filter Include="Header Files\Tokenizer">
      <UniqueIdentifier>{c01acd2f-a986-4227-8700-8d7e43f59cbc}</UniqueIdentifier>
    </Filter>
    <Filter Include="Source Files\FactoryShell">
      <UniqueIdentifier>{d1a2f3b4-5c6d-4e7f-8a9b-0c1d2e3f4a5b}</UniqueIdentifier>
    </Filter>
  </ItemGroup>
  <ItemGroup>
    <ClCompile Include="main.cpp">
      <Filter>Source Files</Filter>
    </ClCompile>
    <ClCompile Include="FactoryShell\ArgumentParser.cpp">
      <Filter>Source Files\FactoryShell</Filter>
    </ClCompile>
    <ClCompile Include="FactoryShell\ArgumentParserTest.cpp">
      <Filter>Source Files\FactoryShell</Filter>
    </ClCompile>
    <ClCompile Include="FactoryShell\FileBackedShell.cpp">
      <Filter>Source Files\FactoryShell</Filter>
    </ClCompile>
    <ClCompile Include="FactoryShell\FileModeShell.cpp">
      <Filter>Source Files\FactoryShell</Filter>
    </ClCompile>
    <ClCompile Include="FactoryShell\FileModeShellTest.cpp">
      <Filter>Source Files\FactoryShell</Filter>
    </ClCompile>
    <ClCompile Include="FactoryShell\DebugCommand.cpp">
      <Filter>Source Files\FactoryShell</Filter>
    </ClCompile>
    <ClCompile Include="FactoryShell\DebugModeShell.cpp">
      <Filter>Source Files\FactoryShell</Filter>
    </ClCompile>
    <ClCompile Include="FactoryShell\DebugModeShellTest.cpp">
      <Filter>Source Files\FactoryShell</Filter>
    </ClCompile>
    <ClCompile Include="$(MSBuildThisFileDirectory)..\..\lib\native\src\gtest\gtest-all.cc">
      <Filter>Source Files</Filter>
    </ClCompile>
    <ClCompile Include="$(MSBuildThisFileDirectory)..\..\lib\native\src\gmock\gmock-all.cc">
      <Filter>Source Files</Filter>
    </ClCompile>
    <ClCompile Include="FactoryShell\PromptShell.cpp">
      <Filter>Source Files\FactoryShell</Filter>
    </ClCompile>
    <ClCompile Include="FactoryShell\PromptShellTest.cpp">
      <Filter>Source Files\FactoryShell</Filter>
    </ClCompile>
    <ClCompile Include="Visitor.cpp">
      <Filter>Source Files</Filter>
    </ClCompile>
    <ClCompile Include="CheckerUnit\CheckerTest.cpp">
      <Filter>Source Files</Filter>
    </ClCompile>
    <ClCompile Include="CheckerUnit\Checker.cpp">
      <Filter>Source Files</Filter>
    </ClCompile>
    <ClCompile Include="CodeFabFacade.cpp">
      <Filter>Source Files</Filter>
    </ClCompile>
    <ClCompile Include="CodeFabFacadeTest.cpp">
      <Filter>Source Files</Filter>
    </ClCompile>
    <ClCompile Include="AssemblerUnit\Parser\Parser.cpp">
      <Filter>Source Files</Filter>
    </ClCompile>
    <ClCompile Include="AssemblerUnit\AssemblerUnit.cpp">
      <Filter>Source Files</Filter>
    </ClCompile>
    <ClCompile Include="AssemblerUnit\AssemblerUnitTest.cpp">
      <Filter>Source Files</Filter>
    </ClCompile>
    <ClCompile Include="AssemblerUnit\Tokenizer\Lexer.cpp">
      <Filter>Source Files</Filter>
    </ClCompile>
    <ClCompile Include="AssemblerUnit\Tokenizer\LexerTest.cpp">
      <Filter>Source Files</Filter>
    </ClCompile>
    <ClCompile Include="ExecutorUnit\Environment.cpp">
      <Filter>Source Files</Filter>
    </ClCompile>
    <ClCompile Include="ExecutorUnit\EnvironmentTest.cpp">
      <Filter>Source Files</Filter>
    </ClCompile>
    <ClCompile Include="ExecutorUnit\Interpreter.cpp">
      <Filter>Source Files</Filter>
    </ClCompile>
    <ClCompile Include="ExecutorUnit\InterpreterTest.cpp">
      <Filter>Source Files</Filter>
    </ClCompile>
    <ClCompile Include="ExecutorUnit\CodeFabFunction.cpp">
      <Filter>Source Files</Filter>
    </ClCompile>
    <ClCompile Include="ExecutorUnit\CodeFabFunctionTest.cpp">
      <Filter>Source Files</Filter>
    </ClCompile>
    <ClCompile Include="ExecutorUnit\CodeFabClass.cpp">
      <Filter>Source Files</Filter>
    </ClCompile>
    <ClCompile Include="ExecutorUnit\CodeFabClassTest.cpp">
      <Filter>Source Files</Filter>
    </ClCompile>
    <ClCompile Include="ExecutorUnit\CodeFabInstance.cpp">
      <Filter>Source Files</Filter>
    </ClCompile>
    <ClCompile Include="ExecutorUnit\CodeFabInstanceTest.cpp">
      <Filter>Source Files</Filter>
    </ClCompile>
    <ClCompile Include="ExecutorUnit\CodeFabNamespace.cpp">
      <Filter>Source Files</Filter>
    </ClCompile>
    <ClCompile Include="ExecutorUnit\CodeFabNamespaceTest.cpp">
      <Filter>Source Files</Filter>
    </ClCompile>
    <ClCompile Include="ExecutorUnit\LineResolver.cpp">
      <Filter>Source Files</Filter>
    </ClCompile>
    <ClCompile Include="ExecutorUnit\ConstantFolder.cpp">
      <Filter>Source Files</Filter>
    </ClCompile>
    <ClCompile Include="ExecutorUnit\ConstantFolderTest.cpp">
      <Filter>Source Files</Filter>
    </ClCompile>
    <ClCompile Include="ExecutorUnit\Resolver.cpp">
      <Filter>Source Files</Filter>
    </ClCompile>
    <ClCompile Include="ExecutorUnit\ResolverTest.cpp">
      <Filter>Source Files</Filter>
    </ClCompile>
    <ClCompile Include="ExecutorUnit\ImportTest.cpp">
      <Filter>Source Files</Filter>
    </ClCompile>
    <ClCompile Include="AssemblerUnit\Parser\ParserTest.cpp">
      <Filter>Header Files\Parser</Filter>
    </ClCompile>
    <ClCompile Include="CodeFabExceptionTest.cpp">
      <Filter>Source Files</Filter>
    </ClCompile>
  </ItemGroup>
  <ItemGroup>
    <None Include="packages.config" />
  </ItemGroup>
  <ItemGroup>
    <ClInclude Include="FactoryShell\PromptShell.h">
      <Filter>Source Files\FactoryShell</Filter>
    </ClInclude>
    <ClInclude Include="FactoryShell\ArgumentParser.h">
      <Filter>Source Files\FactoryShell</Filter>
    </ClInclude>
    <ClInclude Include="FactoryShell\FileBackedShell.h">
      <Filter>Source Files\FactoryShell</Filter>
    </ClInclude>
    <ClInclude Include="FactoryShell\FileModeShell.h">
      <Filter>Source Files\FactoryShell</Filter>
    </ClInclude>
    <ClInclude Include="FactoryShell\DebugCommand.h">
      <Filter>Source Files\FactoryShell</Filter>
    </ClInclude>
    <ClInclude Include="FactoryShell\DebugModeShell.h">
      <Filter>Source Files\FactoryShell</Filter>
    </ClInclude>
    <ClInclude Include="FactoryShell\shell_exception_reporter.h">
      <Filter>Source Files\FactoryShell</Filter>
    </ClInclude>
    <ClInclude Include="FactoryShell\IShellMode.h">
      <Filter>Source Files\FactoryShell</Filter>
    </ClInclude>
    <ClInclude Include="FactoryShell\ShellMode.h">
      <Filter>Source Files\FactoryShell</Filter>
    </ClInclude>
    <ClInclude Include="CheckerUnit\Checker.h">
      <Filter>Header Files</Filter>
    </ClInclude>
    <ClInclude Include="CodeFabFacade.h">
      <Filter>Header Files</Filter>
    </ClInclude>
    <ClInclude Include="InterfaceForCodeFabTest.h">
      <Filter>Header Files</Filter>
    </ClInclude>
    <ClInclude Include="AssemblerUnit\AssemblerUnit.h">
      <Filter>Header Files</Filter>
    </ClInclude>
    <ClInclude Include="AssemblerUnit\Tokenizer\Lexer.h">
      <Filter>Header Files</Filter>
    </ClInclude>
    <ClInclude Include="AssemblerUnit\Tokenizer\Token.h">
      <Filter>Header Files</Filter>
    </ClInclude>
    <ClInclude Include="AssemblerUnit\Tokenizer\Value.h">
      <Filter>Header Files</Filter>
    </ClInclude>
    <ClInclude Include="AssemblerUnit\Parser\Expression.h">
      <Filter>Header Files</Filter>
    </ClInclude>
    <ClInclude Include="AssemblerUnit\Parser\Statement.h">
      <Filter>Header Files</Filter>
    </ClInclude>
    <ClInclude Include="AssemblerUnit\Parser\Parser.h">
      <Filter>Header Files</Filter>
    </ClInclude>
    <ClInclude Include="ExecutorUnit\Environment.h">
      <Filter>Header Files</Filter>
    </ClInclude>
    <ClInclude Include="ExecutorUnit\Interpreter.h">
      <Filter>Header Files</Filter>
    </ClInclude>
    <ClInclude Include="ExecutorUnit\CodeFabFunction.h">
      <Filter>Header Files</Filter>
    </ClInclude>
    <ClInclude Include="ExecutorUnit\CodeFabClass.h">
      <Filter>Header Files</Filter>
    </ClInclude>
    <ClInclude Include="ExecutorUnit\CodeFabInstance.h">
      <Filter>Header Files</Filter>
    </ClInclude>
    <ClInclude Include="ExecutorUnit\CodeFabNamespace.h">
      <Filter>Header Files</Filter>
    </ClInclude>
    <ClInclude Include="ExecutorUnit\ReturnSignal.h">
      <Filter>Header Files</Filter>
    </ClInclude>
    <ClInclude Include="ExecutorUnit\LineResolver.h">
      <Filter>Header Files</Filter>
    </ClInclude>
    <ClInclude Include="ExecutorUnit\ConstantFolder.h">
      <Filter>Header Files</Filter>
    </ClInclude>
    <ClInclude Include="ExecutorUnit\Resolver.h">
      <Filter>Header Files</Filter>
    </ClInclude>
    <ClInclude Include="Visitor.h">
      <Filter>Header Files</Filter>
    </ClInclude>
    <ClInclude Include="CodeFabException.h">
      <Filter>Header Files</Filter>
    </ClInclude>
  </ItemGroup>
</Project>